
Microsoft Visual Studio Solution File, Format Version 12.00
# Visual Studio 2012
Project("{FAE04EC0-301F-11D3-BF4B-00C04F79EFBC}") = "MektonCore", "MektonCore\MektonCore.csproj", "{4FCFD5BE-0130-46A2-B2B2-7262962CC934}"
EndProject
Global
	GlobalSection(SolutionConfigurationPlatforms) = preSolution
		Debug|Any CPU = Debug|Any CPU
		Release|Any CPU = Release|Any CPU
	EndGlobalSection
	GlobalSection(ProjectConfigurationPlatforms) = postSolution
		{4FCFD5BE-0130-46A2-B2B2-7262962CC934}.Debug|Any CPU.ActiveCfg = Debug|Any CPU
		{4FCFD5BE-0130-46A2-B2B2-7262962CC934}.Debug|Any CPU.Build.0 = Debug|Any CPU
		{4FCFD5BE-0130-46A2-B2B2-7262962CC934}.Release|Any CPU.ActiveCfg = Release|Any CPU
		{4FCFD5BE-0130-46A2-B2B2-7262962CC934}.Release|Any CPU.Build.0 = Release|Any CPU
	EndGlobalSection
EndGlobal
